
Microsoft Visual Studio Solution File, Format Version 12.00
# Visual Studio Version 16
VisualStudioVersion = 16.0.31410.357
MinimumVisualStudioVersion = 10.0.40219.1
Project("{FAE04EC0-301F-11D3-BF4B-00C04F79EFBC}") = "DealerLead.Web", "DealerLead.Web\DealerLead.Web.csproj", "{4F3C874B-DC88-4377-AA3D-000566D426EF}"
EndProject
Project("{FAE04EC0-301F-11D3-BF4B-00C04F79EFBC}") = "DealerLead", "DealerLead\DealerLead.csproj", "{BD73AC52-F1AA-4F0A-BC95-D380772582A2}"
EndProject
Global
	GlobalSection(SolutionConfigurationPlatforms) = preSolution
		Debug|Any CPU = Debug|Any CPU
		Release|Any CPU = Release|Any CPU
	EndGlobalSection
	GlobalSection(ProjectConfigurationPlatforms) = postSolution
		{4F3C874B-DC88-4377-AA3D-000566D426EF}.Debug|Any CPU.ActiveCfg = Debug|Any CPU
		{4F3C874B-DC88-4377-AA3D-000566D426EF}.Debug|Any CPU.Build.0 = Debug|Any CPU
		{4F3C874B-DC88-4377-AA3D-000566D426EF}.Release|Any CPU.ActiveCfg = Release|Any CPU
		{4F3C874B-DC88-4377-AA3D-000566D426EF}.Release|Any CPU.Build.0 = Release|Any CPU
		{BD73AC52-F1AA-4F0A-BC95-D380772582A2}.Debug|Any CPU.ActiveCfg = Debug|Any CPU
		{BD73AC52-F1AA-4F0A-BC95-D380772582A2}.Debug|Any CPU.Build.0 = Debug|Any CPU
		{BD73AC52-F1AA-4F0A-BC95-D380772582A2}.Release|Any CPU.ActiveCfg = Release|Any CPU
		{BD73AC52-F1AA-4F0A-BC95-D380772582A2}.Release|Any CPU.Build.0 = Release|Any CPU
	EndGlobalSection
	GlobalSection(SolutionProperties) = preSolution
		HideSolutionNode = FALSE
	EndGlobalSection
	GlobalSection(ExtensibilityGlobals) = postSolution
		SolutionGuid = {28F8E714-CE0B-4511-83BF-463730749F91}
	EndGlobalSection
EndGlobal
